
Microsoft Visual Studio Solution File, Format Version 12.00
# Visual Studio Version 17
VisualStudioVersion = 17.3.32819.101
MinimumVisualStudioVersion = 10.0.40219.1
Project("{FAE04EC0-301F-11D3-BF4B-00C04F79EFBC}") = "tdlink-wpf", "tdlink-wpf\tdlink-wpf.csproj", "{438818D9-434C-4A5C-BA28-3348D5A9A3CA}"
EndProject
Global
	GlobalSection(SolutionConfigurationPlatforms) = preSolution
		Debug|Any CPU = Debug|Any CPU
		Release|Any CPU = Release|Any CPU
	EndGlobalSection
	GlobalSection(ProjectConfigurationPlatforms) = postSolution
		{438818D9-434C-4A5C-BA28-3348D5A9A3CA}.Debug|Any CPU.ActiveCfg = Debug|Any CPU
		{438818D9-434C-4A5C-BA28-3348D5A9A3CA}.Debug|Any CPU.Build.0 = Debug|Any CPU
		{438818D9-434C-4A5C-BA28-3348D5A9A3CA}.Release|Any CPU.ActiveCfg = Release|Any CPU
		{438818D9-434C-4A5C-BA28-3348D5A9A3CA}.Release|Any CPU.Build.0 = Release|Any CPU
	EndGlobalSection
	GlobalSection(SolutionProperties) = preSolution
		HideSolutionNode = FALSE
	EndGlobalSection
	GlobalSection(ExtensibilityGlobals) = postSolution
		SolutionGuid = {B2A84BDD-6F9B-4A8B-BC05-F27450538BA5}
	EndGlobalSection
EndGlobal
